// !$*UTF8*$!
{
	archiveVersion = 1;
	classes = {
	};
	objectVersion = 56;
	objects = {

/* Begin PBXBuildFile section */
		AA376A5D2C2C2A7500C371E6 /* .gitignore in Resources */ = {isa = PBXBuildFile; fileRef = AA376A5C2C2C2A7500C371E6 /* .gitignore */; };
		AA376A5F2C2C2A7A00C371E6 /* APIKey.swift in Sources */ = {isa = PBXBuildFile; fileRef = AA376A5E2C2C2A7A00C371E6 /* APIKey.swift */; };
		AA376A612C2C2A8D00C371E6 /* TMDB.swift in Sources */ = {isa = PBXBuildFile; fileRef = AA376A602C2C2A8D00C371E6 /* TMDB.swift */; };
		AA376A642C2C2B1100C371E6 /* SnapKit in Frameworks */ = {isa = PBXBuildFile; productRef = AA376A632C2C2B1100C371E6 /* SnapKit */; };
		AA376A672C2C2B1B00C371E6 /* Alamofire in Frameworks */ = {isa = PBXBuildFile; productRef = AA376A662C2C2B1B00C371E6 /* Alamofire */; };
		AA376A6C2C2C2BB400C371E6 /* HomeViewController.swift in Sources */ = {isa = PBXBuildFile; fileRef = AA376A6B2C2C2BB400C371E6 /* HomeViewController.swift */; };
		AA376A6E2C2C324F00C371E6 /* HomeCollectionViewCell.swift in Sources */ = {isa = PBXBuildFile; fileRef = AA376A6D2C2C324F00C371E6 /* HomeCollectionViewCell.swift */; };
		AA376A772C2E6A1A00C371E6 /* DetailViewController.swift in Sources */ = {isa = PBXBuildFile; fileRef = AA376A762C2E6A1A00C371E6 /* DetailViewController.swift */; };
		AA376A792C2E81A300C371E6 /* HomeTableViewCell.swift in Sources */ = {isa = PBXBuildFile; fileRef = AA376A782C2E81A300C371E6 /* HomeTableViewCell.swift */; };
		AA376A7B2C2E820900C371E6 /* RecommendCollectionViewCell.swift in Sources */ = {isa = PBXBuildFile; fileRef = AA376A7A2C2E820900C371E6 /* RecommendCollectionViewCell.swift */; };
		AA376A7E2C2EA1FE00C371E6 /* Kingfisher in Frameworks */ = {isa = PBXBuildFile; productRef = AA376A7D2C2EA1FE00C371E6 /* Kingfisher */; };
		AA376A802C2FD1A000C371E6 /* API.swift in Sources */ = {isa = PBXBuildFile; fileRef = AA376A7F2C2FD1A000C371E6 /* API.swift */; };
		AA376A822C303A4E00C371E6 /* TMDBApiManager.swift in Sources */ = {isa = PBXBuildFile; fileRef = AA376A812C303A4E00C371E6 /* TMDBApiManager.swift */; };
		AA376AF32C32CED600C371E6 /* NasaViewController.swift in Sources */ = {isa = PBXBuildFile; fileRef = AA376AF22C32CED600C371E6 /* NasaViewController.swift */; };
		AA376AF82C32CF3B00C371E6 /* BaseTableViewCell.swift in Sources */ = {isa = PBXBuildFile; fileRef = AA376AF42C32CF3B00C371E6 /* BaseTableViewCell.swift */; };
		AA376AF92C32CF3B00C371E6 /* BaseView.swift in Sources */ = {isa = PBXBuildFile; fileRef = AA376AF52C32CF3B00C371E6 /* BaseView.swift */; };
		AA376AFA2C32CF3B00C371E6 /* BaseViewcontroller.swift in Sources */ = {isa = PBXBuildFile; fileRef = AA376AF62C32CF3B00C371E6 /* BaseViewcontroller.swift */; };
		AA376B852C34509500C371E6 /* YoutubeViewController.swift in Sources */ = {isa = PBXBuildFile; fileRef = AA376B842C34509500C371E6 /* YoutubeViewController.swift */; };
		AA5851062C2BDDB7007B92FD /* AppDelegate.swift in Sources */ = {isa = PBXBuildFile; fileRef = AA5851052C2BDDB7007B92FD /* AppDelegate.swift */; };
		AA5851082C2BDDB7007B92FD /* SceneDelegate.swift in Sources */ = {isa = PBXBuildFile; fileRef = AA5851072C2BDDB7007B92FD /* SceneDelegate.swift */; };
		AA58510A2C2BDDB7007B92FD /* ViewController.swift in Sources */ = {isa = PBXBuildFile; fileRef = AA5851092C2BDDB7007B92FD /* ViewController.swift */; };
		AA58510D2C2BDDB7007B92FD /* Base in Resources */ = {isa = PBXBuildFile; fileRef = AA58510C2C2BDDB7007B92FD /* Base */; };
		AA58510F2C2BDDB9007B92FD /* Assets.xcassets in Resources */ = {isa = PBXBuildFile; fileRef = AA58510E2C2BDDB9007B92FD /* Assets.xcassets */; };
		AA5851122C2BDDB9007B92FD /* Base in Resources */ = {isa = PBXBuildFile; fileRef = AA5851112C2BDDB9007B92FD /* Base */; };
/* End PBXBuildFile section */

/* Begin PBXFileReference section */
		AA376A5C2C2C2A7500C371E6 /* .gitignore */ = {isa = PBXFileReference; fileEncoding = 4; lastKnownFileType = text; path = .gitignore; sourceTree = "<group>"; };
		AA376A5E2C2C2A7A00C371E6 /* APIKey.swift */ = {isa = PBXFileReference; fileEncoding = 4; lastKnownFileType = sourcecode.swift; path = APIKey.swift; sourceTree = "<group>"; };
		AA376A602C2C2A8D00C371E6 /* TMDB.swift */ = {isa = PBXFileReference; fileEncoding = 4; lastKnownFileType = sourcecode.swift; path = TMDB.swift; sourceTree = "<group>"; };
		AA376A6B2C2C2BB400C371E6 /* HomeViewController.swift */ = {isa = PBXFileReference; lastKnownFileType = sourcecode.swift; path = HomeViewController.swift; sourceTree = "<group>"; };
		AA376A6D2C2C324F00C371E6 /* HomeCollectionViewCell.swift */ = {isa = PBXFileReference; lastKnownFileType = sourcecode.swift; path = HomeCollectionViewCell.swift; sourceTree = "<group>"; };
		AA376A762C2E6A1A00C371E6 /* DetailViewController.swift */ = {isa = PBXFileReference; lastKnownFileType = sourcecode.swift; path = DetailViewController.swift; sourceTree = "<group>"; };
		AA376A782C2E81A300C371E6 /* HomeTableViewCell.swift */ = {isa = PBXFileReference; lastKnownFileType = sourcecode.swift; path = HomeTableViewCell.swift; sourceTree = "<group>"; };
		AA376A7A2C2E820900C371E6 /* RecommendCollectionViewCell.swift */ = {isa = PBXFileReference; lastKnownFileType = sourcecode.swift; path = RecommendCollectionViewCell.swift; sourceTree = "<group>"; };
		AA376A7F2C2FD1A000C371E6 /* API.swift */ = {isa = PBXFileReference; lastKnownFileType = sourcecode.swift; path = API.swift; sourceTree = "<group>"; };
		AA376A812C303A4E00C371E6 /* TMDBApiManager.swift */ = {isa = PBXFileReference; lastKnownFileType = sourcecode.swift; path = TMDBApiManager.swift; sourceTree = "<group>"; };
		AA376AF22C32CED600C371E6 /* NasaViewController.swift */ = {isa = PBXFileReference; lastKnownFileType = sourcecode.swift; path = NasaViewController.swift; sourceTree = "<group>"; };
		AA376AF42C32CF3B00C371E6 /* BaseTableViewCell.swift */ = {isa = PBXFileReference; fileEncoding = 4; lastKnownFileType = sourcecode.swift; path = BaseTableViewCell.swift; sourceTree = "<group>"; };
		AA376AF52C32CF3B00C371E6 /* BaseView.swift */ = {isa = PBXFileReference; fileEncoding = 4; lastKnownFileType = sourcecode.swift; path = BaseView.swift; sourceTree = "<group>"; };
		AA376AF62C32CF3B00C371E6 /* BaseViewcontroller.swift */ = {isa = PBXFileReference; fileEncoding = 4; lastKnownFileType = sourcecode.swift; path = BaseViewcontroller.swift; sourceTree = "<group>"; };
		AA376B842C34509500C371E6 /* YoutubeViewController.swift */ = {isa = PBXFileReference; lastKnownFileType = sourcecode.swift; path = YoutubeViewController.swift; sourceTree = "<group>"; };
		AA5851022C2BDDB7007B92FD /* NEW.TMDB.project.app */ = {isa = PBXFileReference; explicitFileType = wrapper.application; includeInIndex = 0; path = NEW.TMDB.project.app; sourceTree = BUILT_PRODUCTS_DIR; };
		AA5851052C2BDDB7007B92FD /* AppDelegate.swift */ = {isa = PBXFileReference; lastKnownFileType = sourcecode.swift; path = AppDelegate.swift; sourceTree = "<group>"; };
		AA5851072C2BDDB7007B92FD /* SceneDelegate.swift */ = {isa = PBXFileReference; lastKnownFileType = sourcecode.swift; path = SceneDelegate.swift; sourceTree = "<group>"; };
		AA5851092C2BDDB7007B92FD /* ViewController.swift */ = {isa = PBXFileReference; lastKnownFileType = sourcecode.swift; path = ViewController.swift; sourceTree = "<group>"; };
		AA58510C2C2BDDB7007B92FD /* Base */ = {isa = PBXFileReference; lastKnownFileType = file.storyboard; name = Base; path = Base.lproj/Main.storyboard; sourceTree = "<group>"; };
		AA58510E2C2BDDB9007B92FD /* Assets.xcassets */ = {isa = PBXFileReference; lastKnownFileType = folder.assetcatalog; path = Assets.xcassets; sourceTree = "<group>"; };
		AA5851112C2BDDB9007B92FD /* Base */ = {isa = PBXFileReference; lastKnownFileType = file.storyboard; name = Base; path = Base.lproj/LaunchScreen.storyboard; sourceTree = "<group>"; };
		AA5851132C2BDDB9007B92FD /* Info.plist */ = {isa = PBXFileReference; lastKnownFileType = text.plist.xml; path = Info.plist; sourceTree = "<group>"; };
/* End PBXFileReference section */

/* Begin PBXFrameworksBuildPhase section */
		AA5850FF2C2BDDB7007B92FD /* Frameworks */ = {
			isa = PBXFrameworksBuildPhase;
			buildActionMask = 2147483647;
			files = (
				AA376A7E2C2EA1FE00C371E6 /* Kingfisher in Frameworks */,
				AA376A642C2C2B1100C371E6 /* SnapKit in Frameworks */,
				AA376A672C2C2B1B00C371E6 /* Alamofire in Frameworks */,
			);
			runOnlyForDeploymentPostprocessing = 0;
		};
/* End PBXFrameworksBuildPhase section */

/* Begin PBXGroup section */
		AA376A682C2C2B6000C371E6 /* Home */ = {
			isa = PBXGroup;
			children = (
				AA376A742C2E69B800C371E6 /* View */,
				AA376A752C2E69C000C371E6 /* Cell */,
			);
			path = Home;
			sourceTree = "<group>";
		};
		AA376A742C2E69B800C371E6 /* View */ = {
			isa = PBXGroup;
			children = (
				AA376A6B2C2C2BB400C371E6 /* HomeViewController.swift */,
				AA376A762C2E6A1A00C371E6 /* DetailViewController.swift */,
				AA376AF22C32CED600C371E6 /* NasaViewController.swift */,
				AA376B842C34509500C371E6 /* YoutubeViewController.swift */,
			);
			path = View;
			sourceTree = "<group>";
		};
		AA376A752C2E69C000C371E6 /* Cell */ = {
			isa = PBXGroup;
			children = (
				AA376A6D2C2C324F00C371E6 /* HomeCollectionViewCell.swift */,
				AA376A782C2E81A300C371E6 /* HomeTableViewCell.swift */,
				AA376A7A2C2E820900C371E6 /* RecommendCollectionViewCell.swift */,
			);
			path = Cell;
			sourceTree = "<group>";
		};
		AA376AF72C32CF3B00C371E6 /* Base */ = {
			isa = PBXGroup;
			children = (
				AA376AF42C32CF3B00C371E6 /* BaseTableViewCell.swift */,
				AA376AF52C32CF3B00C371E6 /* BaseView.swift */,
				AA376AF62C32CF3B00C371E6 /* BaseViewcontroller.swift */,
			);
			path = Base;
			sourceTree = "<group>";
		};
		AA5850F92C2BDDB6007B92FD = {
			isa = PBXGroup;
			children = (
				AA5851042C2BDDB7007B92FD /* NEW.TMDB.project */,
				AA5851032C2BDDB7007B92FD /* Products */,
			);
			sourceTree = "<group>";
		};
		AA5851032C2BDDB7007B92FD /* Products */ = {
			isa = PBXGroup;
			children = (
				AA5851022C2BDDB7007B92FD /* NEW.TMDB.project.app */,
			);
			name = Products;
			sourceTree = "<group>";
		};
		AA5851042C2BDDB7007B92FD /* NEW.TMDB.project */ = {
			isa = PBXGroup;
			children = (
				AA376A5C2C2C2A7500C371E6 /* .gitignore */,
				AA376A5E2C2C2A7A00C371E6 /* APIKey.swift */,
				AA376A812C303A4E00C371E6 /* TMDBApiManager.swift */,
				AA376A602C2C2A8D00C371E6 /* TMDB.swift */,
				AA376A7F2C2FD1A000C371E6 /* API.swift */,
				AA376A682C2C2B6000C371E6 /* Home */,
				AA376AF72C32CF3B00C371E6 /* Base */,
				AA5851052C2BDDB7007B92FD /* AppDelegate.swift */,
				AA5851072C2BDDB7007B92FD /* SceneDelegate.swift */,
				AA5851092C2BDDB7007B92FD /* ViewController.swift */,
				AA58510B2C2BDDB7007B92FD /* Main.storyboard */,
				AA58510E2C2BDDB9007B92FD /* Assets.xcassets */,
				AA5851102C2BDDB9007B92FD /* LaunchScreen.storyboard */,
				AA5851132C2BDDB9007B92FD /* Info.plist */,
			);
			path = NEW.TMDB.project;
			sourceTree = "<group>";
		};
/* End PBXGroup section */

/* Begin PBXNativeTarget section */
		AA5851012C2BDDB7007B92FD /* NEW.TMDB.project */ = {
			isa = PBXNativeTarget;
			buildConfigurationList = AA5851162C2BDDB9007B92FD /* Build configuration list for PBXNativeTarget "NEW.TMDB.project" */;
			buildPhases = (
				AA5850FE2C2BDDB7007B92FD /* Sources */,
				AA5850FF2C2BDDB7007B92FD /* Frameworks */,
				AA5851002C2BDDB7007B92FD /* Resources */,
			);
			buildRules = (
			);
			dependencies = (
			);
			name = NEW.TMDB.project;
			packageProductDependencies = (
				AA376A632C2C2B1100C371E6 /* SnapKit */,
				AA376A662C2C2B1B00C371E6 /* Alamofire */,
				AA376A7D2C2EA1FE00C371E6 /* Kingfisher */,
			);
			productName = NEW.TMDB.project;
			productReference = AA5851022C2BDDB7007B92FD /* NEW.TMDB.project.app */;
			productType = "com.apple.product-type.application";
		};
/* End PBXNativeTarget section */

/* Begin PBXProject section */
		AA5850FA2C2BDDB7007B92FD /* Project object */ = {
			isa = PBXProject;
			attributes = {
				BuildIndependentTargetsInParallel = 1;
				LastSwiftUpdateCheck = 1540;
				LastUpgradeCheck = 1540;
				TargetAttributes = {
					AA5851012C2BDDB7007B92FD = {
						CreatedOnToolsVersion = 15.4;
					};
				};
			};
			buildConfigurationList = AA5850FD2C2BDDB7007B92FD /* Build configuration list for PBXProject "NEW.TMDB.project" */;
			compatibilityVersion = "Xcode 14.0";
			developmentRegion = en;
			hasScannedForEncodings = 0;
			knownRegions = (
				en,
				Base,
			);
			mainGroup = AA5850F92C2BDDB6007B92FD;
			packageReferences = (
				AA376A622C2C2B1100C371E6 /* XCRemoteSwiftPackageReference "SnapKit" */,
				AA376A652C2C2B1B00C371E6 /* XCRemoteSwiftPackageReference "Alamofire" */,
				AA376A7C2C2EA1FE00C371E6 /* XCRemoteSwiftPackageReference "Kingfisher" */,
			);
			productRefGroup = AA5851032C2BDDB7007B92FD /* Products */;
			projectDirPath = "";
			projectRoot = "";
			targets = (
				AA5851012C2BDDB7007B92FD /* NEW.TMDB.project */,
			);
		};
/* End PBXProject section */

/* Begin PBXResourcesBuildPhase section */
		AA5851002C2BDDB7007B92FD /* Resources */ = {
			isa = PBXResourcesBuildPhase;
			buildActionMask = 2147483647;
			files = (
				AA376A5D2C2C2A7500C371E6 /* .gitignore in Resources */,
				AA58510F2C2BDDB9007B92FD /* Assets.xcassets in Resources */,
				AA5851122C2BDDB9007B92FD /* Base in Resources */,
				AA58510D2C2BDDB7007B92FD /* Base in Resources */,
			);
			runOnlyForDeploymentPostprocessing = 0;
		};
/* End PBXResourcesBuildPhase section */

/* Begin PBXSourcesBuildPhase section */
		AA5850FE2C2BDDB7007B92FD /* Sources */ = {
			isa = PBXSourcesBuildPhase;
			buildActionMask = 2147483647;
			files = (
				AA376A802C2FD1A000C371E6 /* API.swift in Sources */,
				AA376A6E2C2C324F00C371E6 /* HomeCollectionViewCell.swift in Sources */,
				AA376A7B2C2E820900C371E6 /* RecommendCollectionViewCell.swift in Sources */,
				AA58510A2C2BDDB7007B92FD /* ViewController.swift in Sources */,
				AA376AF82C32CF3B00C371E6 /* BaseTableViewCell.swift in Sources */,
				AA5851062C2BDDB7007B92FD /* AppDelegate.swift in Sources */,
				AA376AF32C32CED600C371E6 /* NasaViewController.swift in Sources */,
				AA376A612C2C2A8D00C371E6 /* TMDB.swift in Sources */,
				AA376A792C2E81A300C371E6 /* HomeTableViewCell.swift in Sources */,
				AA376A5F2C2C2A7A00C371E6 /* APIKey.swift in Sources */,
				AA376B852C34509500C371E6 /* YoutubeViewController.swift in Sources */,
				AA5851082C2BDDB7007B92FD /* SceneDelegate.swift in Sources */,
				AA376A6C2C2C2BB400C371E6 /* HomeViewController.swift in Sources */,
				AA376AF92C32CF3B00C371E6 /* BaseView.swift in Sources */,
				AA376AFA2C32CF3B00C371E6 /* BaseViewcontroller.swift in Sources */,
				AA376A772C2E6A1A00C371E6 /* DetailViewController.swift in Sources */,
				AA376A822C303A4E00C371E6 /* TMDBApiManager.swift in Sources */,
			);
			runOnlyForDeploymentPostprocessing = 0;
		};
/* End PBXSourcesBuildPhase section */

/* Begin PBXVariantGroup section */
		AA58510B2C2BDDB7007B92FD /* Main.storyboard */ = {
			isa = PBXVariantGroup;
			children = (
				AA58510C2C2BDDB7007B92FD /* Base */,
			);
			name = Main.storyboard;
			sourceTree = "<group>";
		};
		AA5851102C2BDDB9007B92FD /* LaunchScreen.storyboard */ = {
			isa = PBXVariantGroup;
			children = (
				AA5851112C2BDDB9007B92FD /* Base */,
			);
			name = LaunchScreen.storyboard;
			sourceTree = "<group>";
		};
/* End PBXVariantGroup section */

/* Begin XCBuildConfiguration section */
		AA5851142C2BDDB9007B92FD /* Debug */ = {
			isa = XCBuildConfiguration;
			buildSettings = {
				ALWAYS_SEARCH_USER_PATHS = NO;
				ASSETCATALOG_COMPILER_GENERATE_SWIFT_ASSET_SYMBOL_EXTENSIONS = YES;
				CLANG_ANALYZER_NONNULL = YES;
				CLANG_ANALYZER_NUMBER_OBJECT_CONVERSION = YES_AGGRESSIVE;
				CLANG_CXX_LANGUAGE_STANDARD = "gnu++20";
				CLANG_ENABLE_MODULES = YES;
				CLANG_ENABLE_OBJC_ARC = YES;
				CLANG_ENABLE_OBJC_WEAK = YES;
				CLANG_WARN_BLOCK_CAPTURE_AUTORELEASING = YES;
				CLANG_WARN_BOOL_CONVERSION = YES;
				CLANG_WARN_COMMA = YES;
				CLANG_WARN_CONSTANT_CONVERSION = YES;
				CLANG_WARN_DEPRECATED_OBJC_IMPLEMENTATIONS = YES;
				CLANG_WARN_DIRECT_OBJC_ISA_USAGE = YES_ERROR;
				CLANG_WARN_DOCUMENTATION_COMMENTS = YES;
				CLANG_WARN_EMPTY_BODY = YES;
				CLANG_WARN_ENUM_CONVERSION = YES;
				CLANG_WARN_INFINITE_RECURSION = YES;
				CLANG_WARN_INT_CONVERSION = YES;
				CLANG_WARN_NON_LITERAL_NULL_CONVERSION = YES;
				CLANG_WARN_OBJC_IMPLICIT_RETAIN_SELF = YES;
				CLANG_WARN_OBJC_LITERAL_CONVERSION = YES;
				CLANG_WARN_OBJC_ROOT_CLASS = YES_ERROR;
				CLANG_WARN_QUOTED_INCLUDE_IN_FRAMEWORK_HEADER = YES;
				CLANG_WARN_RANGE_LOOP_ANALYSIS = YES;
				CLANG_WARN_STRICT_PROTOTYPES = YES;
				CLANG_WARN_SUSPICIOUS_MOVE = YES;
				CLANG_WARN_UNGUARDED_AVAILABILITY = YES_AGGRESSIVE;
				CLANG_WARN_UNREACHABLE_CODE = YES;
				CLANG_WARN__DUPLICATE_METHOD_MATCH = YES;
				COPY_PHASE_STRIP = NO;
				DEBUG_INFORMATION_FORMAT = dwarf;
				ENABLE_STRICT_OBJC_MSGSEND = YES;
				ENABLE_TESTABILITY = YES;
				ENABLE_USER_SCRIPT_SANDBOXING = YES;
				GCC_C_LANGUAGE_STANDARD = gnu17;
				GCC_DYNAMIC_NO_PIC = NO;
				GCC_NO_COMMON_BLOCKS = YES;
				GCC_OPTIMIZATION_LEVEL = 0;
				GCC_PREPROCESSOR_DEFINITIONS = (
					"DEBUG=1",
					"$(inherited)",
				);
				GCC_WARN_64_TO_32_BIT_CONVERSION = YES;
				GCC_WARN_ABOUT_RETURN_TYPE = YES_ERROR;
				GCC_WARN_UNDECLARED_SELECTOR = YES;
				GCC_WARN_UNINITIALIZED_AUTOS = YES_AGGRESSIVE;
				GCC_WARN_UNUSED_FUNCTION = YES;
				GCC_WARN_UNUSED_VARIABLE = YES;
				IPHONEOS_DEPLOYMENT_TARGET = 17.5;
				LOCALIZATION_PREFERS_STRING_CATALOGS = YES;
				MTL_ENABLE_DEBUG_INFO = INCLUDE_SOURCE;
				MTL_FAST_MATH = YES;
				ONLY_ACTIVE_ARCH = YES;
				SDKROOT = iphoneos;
				SWIFT_ACTIVE_COMPILATION_CONDITIONS = "DEBUG $(inherited)";
				SWIFT_OPTIMIZATION_LEVEL = "-Onone";
			};
			name = Debug;
		};
		AA5851152C2BDDB9007B92FD /* Release */ = {
			isa = XCBuildConfiguration;
			buildSettings = {
				ALWAYS_SEARCH_USER_PATHS = NO;
				ASSETCATALOG_COMPILER_GENERATE_SWIFT_ASSET_SYMBOL_EXTENSIONS = YES;
				CLANG_ANALYZER_NONNULL = YES;
				CLANG_ANALYZER_NUMBER_OBJECT_CONVERSION = YES_AGGRESSIVE;
				CLANG_CXX_LANGUAGE_STANDARD = "gnu++20";
				CLANG_ENABLE_MODULES = YES;
				CLANG_ENABLE_OBJC_ARC = YES;
				CLANG_ENABLE_OBJC_WEAK = YES;
				CLANG_WARN_BLOCK_CAPTURE_AUTORELEASING = YES;
				CLANG_WARN_BOOL_CONVERSION = YES;
				CLANG_WARN_COMMA = YES;
				CLANG_WARN_CONSTANT_CONVERSION = YES;
				CLANG_WARN_DEPRECATED_OBJC_IMPLEMENTATIONS = YES;
				CLANG_WARN_DIRECT_OBJC_ISA_USAGE = YES_ERROR;
				CLANG_WARN_DOCUMENTATION_COMMENTS = YES;
				CLANG_WARN_EMPTY_BODY = YES;
				CLANG_WARN_ENUM_CONVERSION = YES;
				CLANG_WARN_INFINITE_RECURSION = YES;
				CLANG_WARN_INT_CONVERSION = YES;
				CLANG_WARN_NON_LITERAL_NULL_CONVERSION = YES;
				CLANG_WARN_OBJC_IMPLICIT_RETAIN_SELF = YES;
				CLANG_WARN_OBJC_LITERAL_CONVERSION = YES;
				CLANG_WARN_OBJC_ROOT_CLASS = YES_ERROR;
				CLANG_WARN_QUOTED_INCLUDE_IN_FRAMEWORK_HEADER = YES;
				CLANG_WARN_RANGE_LOOP_ANALYSIS = YES;
				CLANG_WARN_STRICT_PROTOTYPES = YES;
				CLANG_WARN_SUSPICIOUS_MOVE = YES;
				CLANG_WARN_UNGUARDED_AVAILABILITY = YES_AGGRESSIVE;
				CLANG_WARN_UNREACHABLE_CODE = YES;
				CLANG_WARN__DUPLICATE_METHOD_MATCH = YES;
				COPY_PHASE_STRIP = NO;
				DEBUG_INFORMATION_FORMAT = "dwarf-with-dsym";
				ENABLE_NS_ASSERTIONS = NO;
				ENABLE_STRICT_OBJC_MSGSEND = YES;
				ENABLE_USER_SCRIPT_SANDBOXING = YES;
				GCC_C_LANGUAGE_STANDARD = gnu17;
				GCC_NO_COMMON_BLOCKS = YES;
				GCC_WARN_64_TO_32_BIT_CONVERSION = YES;
				GCC_WARN_ABOUT_RETURN_TYPE = YES_ERROR;
				GCC_WARN_UNDECLARED_SELECTOR = YES;
				GCC_WARN_UNINITIALIZED_AUTOS = YES_AGGRESSIVE;
				GCC_WARN_UNUSED_FUNCTION = YES;
				GCC_WARN_UNUSED_VARIABLE = YES;
				IPHONEOS_DEPLOYMENT_TARGET = 17.5;
				LOCALIZATION_PREFERS_STRING_CATALOGS = YES;
				MTL_ENABLE_DEBUG_INFO = NO;
				MTL_FAST_MATH = YES;
				SDKROOT = iphoneos;
				SWIFT_COMPILATION_MODE = wholemodule;
				VALIDATE_PRODUCT = YES;
			};
			name = Release;
		};
		AA5851172C2BDDB9007B92FD /* Debug */ = {
			isa = XCBuildConfiguration;
			buildSettings = {
				ASSETCATALOG_COMPILER_APPICON_NAME = AppIcon;
				ASSETCATALOG_COMPILER_GLOBAL_ACCENT_COLOR_NAME = AccentColor;
				CODE_SIGN_STYLE = Automatic;
				CURRENT_PROJECT_VERSION = 1;
				DEVELOPMENT_TEAM = 4KLMMMFY4D;
				GENERATE_INFOPLIST_FILE = YES;
				INFOPLIST_FILE = NEW.TMDB.project/Info.plist;
				INFOPLIST_KEY_UIApplicationSupportsIndirectInputEvents = YES;
				INFOPLIST_KEY_UILaunchStoryboardName = LaunchScreen;
				INFOPLIST_KEY_UIMainStoryboardFile = Main;
				INFOPLIST_KEY_UISupportedInterfaceOrientations = UIInterfaceOrientationPortrait;
				INFOPLIST_KEY_UISupportedInterfaceOrientations_iPad = "UIInterfaceOrientationLandscapeLeft UIInterfaceOrientationLandscapeRight UIInterfaceOrientationPortrait UIInterfaceOrientationPortraitUpsideDown";
				IPHONEOS_DEPLOYMENT_TARGET = 17.0;
				LD_RUNPATH_SEARCH_PATHS = (
					"$(inherited)",
					"@executable_path/Frameworks",
				);
				MARKETING_VERSION = 1.0;
				PRODUCT_BUNDLE_IDENTIFIER = "com.acasia.NEW-TMDB-project";
				PRODUCT_NAME = "$(TARGET_NAME)";
				SUPPORTED_PLATFORMS = "iphoneos iphonesimulator";
				SUPPORTS_MACCATALYST = NO;
				SUPPORTS_MAC_DESIGNED_FOR_IPHONE_IPAD = NO;
				SUPPORTS_XR_DESIGNED_FOR_IPHONE_IPAD = NO;
				SWIFT_EMIT_LOC_STRINGS = YES;
				SWIFT_VERSION = 5.0;
				TARGETED_DEVICE_FAMILY = 1;
			};
			name = Debug;
		};
		AA5851182C2BDDB9007B92FD /* Release */ = {
			isa = XCBuildConfiguration;
			buildSettings = {
				ASSETCATALOG_COMPILER_APPICON_NAME = AppIcon;
				ASSETCATALOG_COMPILER_GLOBAL_ACCENT_COLOR_NAME = AccentColor;
				CODE_SIGN_STYLE = Automatic;
				CURRENT_PROJECT_VERSION = 1;
				DEVELOPMENT_TEAM = 4KLMMMFY4D;
				GENERATE_INFOPLIST_FILE = YES;
				INFOPLIST_FILE = NEW.TMDB.project/Info.plist;
				INFOPLIST_KEY_UIApplicationSupportsIndirectInputEvents = YES;
				INFOPLIST_KEY_UILaunchStoryboardName = LaunchScreen;
				INFOPLIST_KEY_UIMainStoryboardFile = Main;
				INFOPLIST_KEY_UISupportedInterfaceOrientations = UIInterfaceOrientationPortrait;
				INFOPLIST_KEY_UISupportedInterfaceOrientations_iPad = "UIInterfaceOrientationLandscapeLeft UIInterfaceOrientationLandscapeRight UIInterfaceOrientationPortrait UIInterfaceOrientationPortraitUpsideDown";
				IPHONEOS_DEPLOYMENT_TARGET = 17.0;
				LD_RUNPATH_SEARCH_PATHS = (
					"$(inherited)",
					"@executable_path/Frameworks",
				);
				MARKETING_VERSION = 1.0;
				PRODUCT_BUNDLE_IDENTIFIER = "com.acasia.NEW-TMDB-project";
				PRODUCT_NAME = "$(TARGET_NAME)";
				SUPPORTED_PLATFORMS = "iphoneos iphonesimulator";
				SUPPORTS_MACCATALYST = NO;
				SUPPORTS_MAC_DESIGNED_FOR_IPHONE_IPAD = NO;
				SUPPORTS_XR_DESIGNED_FOR_IPHONE_IPAD = NO;
				SWIFT_EMIT_LOC_STRINGS = YES;
				SWIFT_VERSION = 5.0;
				TARGETED_DEVICE_FAMILY = 1;
			};
			name = Release;
		};
/* End XCBuildConfiguration section */

/* Begin XCConfigurationList section */
		AA5850FD2C2BDDB7007B92FD /* Build configuration list for PBXProject "NEW.TMDB.project" */ = {
			isa = XCConfigurationList;
			buildConfigurations = (
				AA5851142C2BDDB9007B92FD /* Debug */,
				AA5851152C2BDDB9007B92FD /* Release */,
			);
			defaultConfigurationIsVisible = 0;
			defaultConfigurationName = Release;
		};
		AA5851162C2BDDB9007B92FD /* Build configuration list for PBXNativeTarget "NEW.TMDB.project" */ = {
			isa = XCConfigurationList;
			buildConfigurations = (
				AA5851172C2BDDB9007B92FD /* Debug */,
				AA5851182C2BDDB9007B92FD /* Release */,
			);
			defaultConfigurationIsVisible = 0;
			defaultConfigurationName = Release;
		};
/* End XCConfigurationList section */

/* Begin XCRemoteSwiftPackageReference section */
		AA376A622C2C2B1100C371E6 /* XCRemoteSwiftPackageReference "SnapKit" */ = {
			isa = XCRemoteSwiftPackageReference;
			repositoryURL = "https://github.com/SnapKit/SnapKit.git";
			requirement = {
				kind = upToNextMajorVersion;
				minimumVersion = 5.7.1;
			};
		};
		AA376A652C2C2B1B00C371E6 /* XCRemoteSwiftPackageReference "Alamofire" */ = {
			isa = XCRemoteSwiftPackageReference;
			repositoryURL = "https://github.com/Alamofire/Alamofire.git";
			requirement = {
				kind = upToNextMajorVersion;
				minimumVersion = 5.9.1;
			};
		};
		AA376A7C2C2EA1FE00C371E6 /* XCRemoteSwiftPackageReference "Kingfisher" */ = {
			isa = XCRemoteSwiftPackageReference;
			repositoryURL = "https://github.com/onevcat/Kingfisher.git";
			requirement = {
				kind = upToNextMajorVersion;
				minimumVersion = 7.12.0;
			};
		};
/* End XCRemoteSwiftPackageReference section */

/* Begin XCSwiftPackageProductDependency section */
		AA376A632C2C2B1100C371E6 /* SnapKit */ = {
			isa = XCSwiftPackageProductDependency;
			package = AA376A622C2C2B1100C371E6 /* XCRemoteSwiftPackageReference "SnapKit" */;
			productName = SnapKit;
		};
		AA376A662C2C2B1B00C371E6 /* Alamofire */ = {
			isa = XCSwiftPackageProductDependency;
			package = AA376A652C2C2B1B00C371E6 /* XCRemoteSwiftPackageReference "Alamofire" */;
			productName = Alamofire;
		};
		AA376A7D2C2EA1FE00C371E6 /* Kingfisher */ = {
			isa = XCSwiftPackageProductDependency;
			package = AA376A7C2C2EA1FE00C371E6 /* XCRemoteSwiftPackageReference "Kingfisher" */;
			productName = Kingfisher;
		};
/* End XCSwiftPackageProductDependency section */
	};
	rootObject = AA5850FA2C2BDDB7007B92FD /* Project object */;
}
